
Microsoft Visual Studio Solution File, Format Version 12.00
# Visual Studio Version 17
VisualStudioVersion = 17.0.31717.71
MinimumVisualStudioVersion = 10.0.40219.1
Project("{2150E333-8FDC-42A3-9474-1A3956D46DE8}") = "FrontEnd", "FrontEnd", "{4E0486CA-7F18-425D-B1AD-9F6DE3E7F403}"
EndProject
Project("{9A19103F-16F7-4668-BE54-9A1E7A4F7556}") = "Mango.Web", "Mango.Web\Mango.Web.csproj", "{0DEE9C35-B435-4E89-8249-1817952E6FFF}"
EndProject
Project("{2150E333-8FDC-42A3-9474-1A3956D46DE8}") = "Services", "Services", "{A89FDABE-3787-4EA2-8162-C9EE9D27686D}"
EndProject
Project("{9A19103F-16F7-4668-BE54-9A1E7A4F7556}") = "Mango.Services.ProductAPI", "Mango.Services.ProductAPI\Mango.Services.ProductAPI.csproj", "{FC8A2A6F-F1E7-4C7C-A802-C22D81B60696}"
EndProject
Project("{FAE04EC0-301F-11D3-BF4B-00C04F79EFBC}") = "Mango.Services.Identity", "Mango.Services.Identity\Mango.Services.Identity.csproj", "{F8678254-23C9-426B-A539-BFB834F6DBFE}"
EndProject
Global
	GlobalSection(SolutionConfigurationPlatforms) = preSolution
		Debug|Any CPU = Debug|Any CPU
		Release|Any CPU = Release|Any CPU
	EndGlobalSection
	GlobalSection(ProjectConfigurationPlatforms) = postSolution
		{0DEE9C35-B435-4E89-8249-1817952E6FFF}.Debug|Any CPU.ActiveCfg = Debug|Any CPU
		{0DEE9C35-B435-4E89-8249-1817952E6FFF}.Debug|Any CPU.Build.0 = Debug|Any CPU
		{0DEE9C35-B435-4E89-8249-1817952E6FFF}.Release|Any CPU.ActiveCfg = Release|Any CPU
		{0DEE9C35-B435-4E89-8249-1817952E6FFF}.Release|Any CPU.Build.0 = Release|Any CPU
		{FC8A2A6F-F1E7-4C7C-A802-C22D81B60696}.Debug|Any CPU.ActiveCfg = Debug|Any CPU
		{FC8A2A6F-F1E7-4C7C-A802-C22D81B60696}.Debug|Any CPU.Build.0 = Debug|Any CPU
		{FC8A2A6F-F1E7-4C7C-A802-C22D81B60696}.Release|Any CPU.ActiveCfg = Release|Any CPU
		{FC8A2A6F-F1E7-4C7C-A802-C22D81B60696}.Release|Any CPU.Build.0 = Release|Any CPU
		{F8678254-23C9-426B-A539-BFB834F6DBFE}.Debug|Any CPU.ActiveCfg = Debug|Any CPU
		{F8678254-23C9-426B-A539-BFB834F6DBFE}.Debug|Any CPU.Build.0 = Debug|Any CPU
		{F8678254-23C9-426B-A539-BFB834F6DBFE}.Release|Any CPU.ActiveCfg = Release|Any CPU
		{F8678254-23C9-426B-A539-BFB834F6DBFE}.Release|Any CPU.Build.0 = Release|Any CPU
	EndGlobalSection
	GlobalSection(SolutionProperties) = preSolution
		HideSolutionNode = FALSE
	EndGlobalSection
	GlobalSection(NestedProjects) = preSolution
		{0DEE9C35-B435-4E89-8249-1817952E6FFF} = {4E0486CA-7F18-425D-B1AD-9F6DE3E7F403}
		{FC8A2A6F-F1E7-4C7C-A802-C22D81B60696} = {A89FDABE-3787-4EA2-8162-C9EE9D27686D}
		{F8678254-23C9-426B-A539-BFB834F6DBFE} = {A89FDABE-3787-4EA2-8162-C9EE9D27686D}
	EndGlobalSection
	GlobalSection(ExtensibilityGlobals) = postSolution
		SolutionGuid = {4DEFA91E-99CE-47DD-8066-4EFCE62A8E6C}
	EndGlobalSection
EndGlobal
